# Generated by pub
# See http://pub.dartlang.org/doc/glossary.html#lockfile
packages:
  browser:
    description: browser
    source: hosted
    version: "0.9.1"
  collection:
    description: collection
    source: hosted
    version: "0.9.1"
  google_maps:
    description: google_maps
    source: hosted
    version: "2.0.6"
  js:
    description: js
    source: hosted
    version: "0.2.2"
  js_wrapping:
    description: js_wrapping
    source: hosted
    version: "0.1.1"
  json_object:
    description: json_object
    source: hosted
    version: "1.0.18+2"
  logging:
    description: logging
    source: hosted
    version: "0.9.1+1"
  meta:
    description: meta
    source: hosted
    version: "0.8.8"
  mime:
    description: mime
    source: hosted
    version: "0.9.0"
  path:
    description: path
    source: hosted
    version: "1.0.0"
  rikulo:
    description: rikulo
    source: hosted
    version: "0.6.3"
  rikulo_commons:
    description: rikulo_commons
    source: hosted
    version: "1.0.2"
  rikulo_gap:
    description: rikulo_gap
    source: hosted
    version: "0.5.1+4"
  rikulo_ui:
    description: rikulo_ui
    source: hosted
    version: "0.7.3+1"
  stack_trace:
    description: stack_trace
    source: hosted
    version: "0.9.1"
  unittest:
    description: unittest
    source: hosted
    version: "0.10.0"
