# Generated by pub
# See http://pub.dartlang.org/doc/glossary.html#lockfile
packages:
  browser:
    description: browser
    source: hosted
    version: "0.8.10+3"
  google_maps:
    description: google_maps
    source: hosted
    version: "1.1.16"
  js:
    description: js
    source: hosted
    version: "0.2.1"
  json_object:
    description: json_object
    source: hosted
    version: "1.0.18+2"
  logging:
    description: logging
    source: hosted
    version: "0.8.10+3"
  meta:
    description: meta
    source: hosted
    version: "0.8.8"
  mime:
    description: mime
    source: hosted
    version: "0.8.10+3"
  path:
    description: path
    source: hosted
    version: "0.8.10+3"
  rikulo:
    description: rikulo
    source: hosted
    version: "0.6.3"
  rikulo_commons:
    description: rikulo_commons
    source: hosted
    version: "0.8.10+3"
  rikulo_gap:
    description: rikulo_gap
    source: hosted
    version: "0.5.1+4"
  rikulo_ui:
    description: rikulo_ui
    source: hosted
    version: "0.7.3+1"
  stack_trace:
    description: stack_trace
    source: hosted
    version: "0.8.10+3"
  unittest:
    description: unittest
    source: hosted
    version: "0.8.10+3"
  unmodifiable_collection:
    description: unmodifiable_collection
    source: hosted
    version: "0.8.10+3"
